
Microsoft Visual Studio Solution File, Format Version 12.00
# Visual Studio Version 17
VisualStudioVersion = 17.0.31903.59
MinimumVisualStudioVersion = 10.0.40219.1
Project("{2150E333-8FDC-42A3-9474-1A3956D46DE8}") = "src", "src", "{827E0CD3-B72D-47B6-A68D-7590B98EB39B}"
EndProject
Project("{FAE04EC0-301F-11D3-BF4B-00C04F79EFBC}") = "Fbt.Kernel", "src\Fbt.Kernel\Fbt.Kernel.csproj", "{A84EB4FE-B204-4201-A78A-32BA14645474}"
EndProject
Project("{2150E333-8FDC-42A3-9474-1A3956D46DE8}") = "tests", "tests", "{0AB3BF05-4346-4AA6-1389-037BE0695223}"
EndProject
Project("{FAE04EC0-301F-11D3-BF4B-00C04F79EFBC}") = "Fbt.Tests", "tests\Fbt.Tests\Fbt.Tests.csproj", "{505371BF-44A6-4F50-A0DB-267AD8D99D27}"
EndProject
Project("{2150E333-8FDC-42A3-9474-1A3956D46DE8}") = "examples", "examples", "{B36A84DF-456D-A817-6EDD-3EC3E7F6E11F}"
EndProject
Project("{FAE04EC0-301F-11D3-BF4B-00C04F79EFBC}") = "Fbt.Examples.Console", "examples\Fbt.Examples.Console\Fbt.Examples.Console.csproj", "{05ECBCAE-8C3F-4F53-99BD-E4C93E8BEE4E}"
EndProject
Global
	GlobalSection(SolutionConfigurationPlatforms) = preSolution
		Debug|Any CPU = Debug|Any CPU
		Debug|x64 = Debug|x64
		Debug|x86 = Debug|x86
		Release|Any CPU = Release|Any CPU
		Release|x64 = Release|x64
		Release|x86 = Release|x86
	EndGlobalSection
	GlobalSection(ProjectConfigurationPlatforms) = postSolution
		{A84EB4FE-B204-4201-A78A-32BA14645474}.Debug|Any CPU.ActiveCfg = Debug|Any CPU
		{A84EB4FE-B204-4201-A78A-32BA14645474}.Debug|Any CPU.Build.0 = Debug|Any CPU
		{A84EB4FE-B204-4201-A78A-32BA14645474}.Debug|x64.ActiveCfg = Debug|Any CPU
		{A84EB4FE-B204-4201-A78A-32BA14645474}.Debug|x64.Build.0 = Debug|Any CPU
		{A84EB4FE-B204-4201-A78A-32BA14645474}.Debug|x86.ActiveCfg = Debug|Any CPU
		{A84EB4FE-B204-4201-A78A-32BA14645474}.Debug|x86.Build.0 = Debug|Any CPU
		{A84EB4FE-B204-4201-A78A-32BA14645474}.Release|Any CPU.ActiveCfg = Release|Any CPU
		{A84EB4FE-B204-4201-A78A-32BA14645474}.Release|Any CPU.Build.0 = Release|Any CPU
		{A84EB4FE-B204-4201-A78A-32BA14645474}.Release|x64.ActiveCfg = Release|Any CPU
		{A84EB4FE-B204-4201-A78A-32BA14645474}.Release|x64.Build.0 = Release|Any CPU
		{A84EB4FE-B204-4201-A78A-32BA14645474}.Release|x86.ActiveCfg = Release|Any CPU
		{A84EB4FE-B204-4201-A78A-32BA14645474}.Release|x86.Build.0 = Release|Any CPU
		{505371BF-44A6-4F50-A0DB-267AD8D99D27}.Debug|Any CPU.ActiveCfg = Debug|Any CPU
		{505371BF-44A6-4F50-A0DB-267AD8D99D27}.Debug|Any CPU.Build.0 = Debug|Any CPU
		{505371BF-44A6-4F50-A0DB-267AD8D99D27}.Debug|x64.ActiveCfg = Debug|Any CPU
		{505371BF-44A6-4F50-A0DB-267AD8D99D27}.Debug|x64.Build.0 = Debug|Any CPU
		{505371BF-44A6-4F50-A0DB-267AD8D99D27}.Debug|x86.ActiveCfg = Debug|Any CPU
		{505371BF-44A6-4F50-A0DB-267AD8D99D27}.Debug|x86.Build.0 = Debug|Any CPU
		{505371BF-44A6-4F50-A0DB-267AD8D99D27}.Release|Any CPU.ActiveCfg = Release|Any CPU
		{505371BF-44A6-4F50-A0DB-267AD8D99D27}.Release|Any CPU.Build.0 = Release|Any CPU
		{505371BF-44A6-4F50-A0DB-267AD8D99D27}.Release|x64.ActiveCfg = Release|Any CPU
		{505371BF-44A6-4F50-A0DB-267AD8D99D27}.Release|x64.Build.0 = Release|Any CPU
		{505371BF-44A6-4F50-A0DB-267AD8D99D27}.Release|x86.ActiveCfg = Release|Any CPU
		{505371BF-44A6-4F50-A0DB-267AD8D99D27}.Release|x86.Build.0 = Release|Any CPU
		{05ECBCAE-8C3F-4F53-99BD-E4C93E8BEE4E}.Debug|Any CPU.ActiveCfg = Debug|Any CPU
		{05ECBCAE-8C3F-4F53-99BD-E4C93E8BEE4E}.Debug|Any CPU.Build.0 = Debug|Any CPU
		{05ECBCAE-8C3F-4F53-99BD-E4C93E8BEE4E}.Debug|x64.ActiveCfg = Debug|Any CPU
		{05ECBCAE-8C3F-4F53-99BD-E4C93E8BEE4E}.Debug|x64.Build.0 = Debug|Any CPU
		{05ECBCAE-8C3F-4F53-99BD-E4C93E8BEE4E}.Debug|x86.ActiveCfg = Debug|Any CPU
		{05ECBCAE-8C3F-4F53-99BD-E4C93E8BEE4E}.Debug|x86.Build.0 = Debug|Any CPU
		{05ECBCAE-8C3F-4F53-99BD-E4C93E8BEE4E}.Release|Any CPU.ActiveCfg = Release|Any CPU
		{05ECBCAE-8C3F-4F53-99BD-E4C93E8BEE4E}.Release|Any CPU.Build.0 = Release|Any CPU
		{05ECBCAE-8C3F-4F53-99BD-E4C93E8BEE4E}.Release|x64.ActiveCfg = Release|Any CPU
		{05ECBCAE-8C3F-4F53-99BD-E4C93E8BEE4E}.Release|x64.Build.0 = Release|Any CPU
		{05ECBCAE-8C3F-4F53-99BD-E4C93E8BEE4E}.Release|x86.ActiveCfg = Release|Any CPU
		{05ECBCAE-8C3F-4F53-99BD-E4C93E8BEE4E}.Release|x86.Build.0 = Release|Any CPU
	EndGlobalSection
	GlobalSection(SolutionProperties) = preSolution
		HideSolutionNode = FALSE
	EndGlobalSection
	GlobalSection(NestedProjects) = preSolution
		{A84EB4FE-B204-4201-A78A-32BA14645474} = {827E0CD3-B72D-47B6-A68D-7590B98EB39B}
		{505371BF-44A6-4F50-A0DB-267AD8D99D27} = {0AB3BF05-4346-4AA6-1389-037BE0695223}
		{05ECBCAE-8C3F-4F53-99BD-E4C93E8BEE4E} = {B36A84DF-456D-A817-6EDD-3EC3E7F6E11F}
	EndGlobalSection
EndGlobal
